
Microsoft Visual Studio Solution File, Format Version 12.00
# Visual Studio 15
VisualStudioVersion = 15.0.28307.645
MinimumVisualStudioVersion = 10.0.40219.1
Project("{D954291E-2A0B-460D-934E-DC6B0785DB48}") = "Uno.SuppaDesigner.Shared", "Uno.SuppaDesigner\Uno.SuppaDesigner.Shared\Uno.SuppaDesigner.Shared.shproj", "{6279C845-92F8-4333-AB99-3D213163593C}"
EndProject
Project("{FAE04EC0-301F-11D3-BF4B-00C04F79EFBC}") = "Uno.SuppaDesigner.Droid", "Uno.SuppaDesigner\Uno.SuppaDesigner.Droid\Uno.SuppaDesigner.Droid.csproj", "{CB8E3284-68AC-4385-9979-EC6E0A4D451D}"
EndProject
Project("{FAE04EC0-301F-11D3-BF4B-00C04F79EFBC}") = "Uno.SuppaDesigner.iOS", "Uno.SuppaDesigner\Uno.SuppaDesigner.iOS\Uno.SuppaDesigner.iOS.csproj", "{48BAD1E5-BE52-4ADE-A1DE-F0A7B3A88DB9}"
EndProject
Project("{FAE04EC0-301F-11D3-BF4B-00C04F79EFBC}") = "Uno.SuppaDesigner.UWP", "Uno.SuppaDesigner\Uno.SuppaDesigner.UWP\Uno.SuppaDesigner.UWP.csproj", "{9DF6BE76-6923-4C1C-BE3F-6E0557FFB3B9}"
EndProject
Project("{FAE04EC0-301F-11D3-BF4B-00C04F79EFBC}") = "Uno.SuppaDesigner.Wasm", "Uno.SuppaDesigner\Uno.SuppaDesigner.Wasm\Uno.SuppaDesigner.Wasm.csproj", "{8F9DF703-80A6-4E83-AA41-10C6A184893C}"
EndProject
Global
	GlobalSection(SharedMSBuildProjectFiles) = preSolution
		Uno.SuppaDesigner\Uno.SuppaDesigner.Shared\Uno.SuppaDesigner.Shared.projitems*{6279c845-92f8-4333-ab99-3d213163593c}*SharedItemsImports = 13
	EndGlobalSection
	GlobalSection(SolutionConfigurationPlatforms) = preSolution
		Ad-Hoc|Any CPU = Ad-Hoc|Any CPU
		Ad-Hoc|ARM = Ad-Hoc|ARM
		Ad-Hoc|iPhone = Ad-Hoc|iPhone
		Ad-Hoc|iPhoneSimulator = Ad-Hoc|iPhoneSimulator
		Ad-Hoc|x64 = Ad-Hoc|x64
		Ad-Hoc|x86 = Ad-Hoc|x86
		AppStore|Any CPU = AppStore|Any CPU
		AppStore|ARM = AppStore|ARM
		AppStore|iPhone = AppStore|iPhone
		AppStore|iPhoneSimulator = AppStore|iPhoneSimulator
		AppStore|x64 = AppStore|x64
		AppStore|x86 = AppStore|x86
		Debug|Any CPU = Debug|Any CPU
		Debug|ARM = Debug|ARM
		Debug|iPhone = Debug|iPhone
		Debug|iPhoneSimulator = Debug|iPhoneSimulator
		Debug|x64 = Debug|x64
		Debug|x86 = Debug|x86
		Release|Any CPU = Release|Any CPU
		Release|ARM = Release|ARM
		Release|iPhone = Release|iPhone
		Release|iPhoneSimulator = Release|iPhoneSimulator
		Release|x64 = Release|x64
		Release|x86 = Release|x86
	EndGlobalSection
	GlobalSection(ProjectConfigurationPlatforms) = postSolution
		{CB8E3284-68AC-4385-9979-EC6E0A4D451D}.Ad-Hoc|Any CPU.ActiveCfg = Release|Any CPU
		{CB8E3284-68AC-4385-9979-EC6E0A4D451D}.Ad-Hoc|Any CPU.Build.0 = Release|Any CPU
		{CB8E3284-68AC-4385-9979-EC6E0A4D451D}.Ad-Hoc|Any CPU.Deploy.0 = Release|Any CPU
		{CB8E3284-68AC-4385-9979-EC6E0A4D451D}.Ad-Hoc|ARM.ActiveCfg = Release|Any CPU
		{CB8E3284-68AC-4385-9979-EC6E0A4D451D}.Ad-Hoc|ARM.Build.0 = Release|Any CPU
		{CB8E3284-68AC-4385-9979-EC6E0A4D451D}.Ad-Hoc|ARM.Deploy.0 = Release|Any CPU
		{CB8E3284-68AC-4385-9979-EC6E0A4D451D}.Ad-Hoc|iPhone.ActiveCfg = Release|Any CPU
		{CB8E3284-68AC-4385-9979-EC6E0A4D451D}.Ad-Hoc|iPhone.Build.0 = Release|Any CPU
		{CB8E3284-68AC-4385-9979-EC6E0A4D451D}.Ad-Hoc|iPhone.Deploy.0 = Release|Any CPU
		{CB8E3284-68AC-4385-9979-EC6E0A4D451D}.Ad-Hoc|iPhoneSimulator.ActiveCfg = Release|Any CPU
		{CB8E3284-68AC-4385-9979-EC6E0A4D451D}.Ad-Hoc|iPhoneSimulator.Build.0 = Release|Any CPU
		{CB8E3284-68AC-4385-9979-EC6E0A4D451D}.Ad-Hoc|iPhoneSimulator.Deploy.0 = Release|Any CPU
		{CB8E3284-68AC-4385-9979-EC6E0A4D451D}.Ad-Hoc|x64.ActiveCfg = Release|Any CPU
		{CB8E3284-68AC-4385-9979-EC6E0A4D451D}.Ad-Hoc|x64.Build.0 = Release|Any CPU
		{CB8E3284-68AC-4385-9979-EC6E0A4D451D}.Ad-Hoc|x64.Deploy.0 = Release|Any CPU
		{CB8E3284-68AC-4385-9979-EC6E0A4D451D}.Ad-Hoc|x86.ActiveCfg = Release|Any CPU
		{CB8E3284-68AC-4385-9979-EC6E0A4D451D}.Ad-Hoc|x86.Build.0 = Release|Any CPU
		{CB8E3284-68AC-4385-9979-EC6E0A4D451D}.Ad-Hoc|x86.Deploy.0 = Release|Any CPU
		{CB8E3284-68AC-4385-9979-EC6E0A4D451D}.AppStore|Any CPU.ActiveCfg = Release|Any CPU
		{CB8E3284-68AC-4385-9979-EC6E0A4D451D}.AppStore|Any CPU.Build.0 = Release|Any CPU
		{CB8E3284-68AC-4385-9979-EC6E0A4D451D}.AppStore|Any CPU.Deploy.0 = Release|Any CPU
		{CB8E3284-68AC-4385-9979-EC6E0A4D451D}.AppStore|ARM.ActiveCfg = Release|Any CPU
		{CB8E3284-68AC-4385-9979-EC6E0A4D451D}.AppStore|ARM.Build.0 = Release|Any CPU
		{CB8E3284-68AC-4385-9979-EC6E0A4D451D}.AppStore|ARM.Deploy.0 = Release|Any CPU
		{CB8E3284-68AC-4385-9979-EC6E0A4D451D}.AppStore|iPhone.ActiveCfg = Release|Any CPU
		{CB8E3284-68AC-4385-9979-EC6E0A4D451D}.AppStore|iPhone.Build.0 = Release|Any CPU
		{CB8E3284-68AC-4385-9979-EC6E0A4D451D}.AppStore|iPhone.Deploy.0 = Release|Any CPU
		{CB8E3284-68AC-4385-9979-EC6E0A4D451D}.AppStore|iPhoneSimulator.ActiveCfg = Release|Any CPU
		{CB8E3284-68AC-4385-9979-EC6E0A4D451D}.AppStore|iPhoneSimulator.Build.0 = Release|Any CPU
		{CB8E3284-68AC-4385-9979-EC6E0A4D451D}.AppStore|iPhoneSimulator.Deploy.0 = Release|Any CPU
		{CB8E3284-68AC-4385-9979-EC6E0A4D451D}.AppStore|x64.ActiveCfg = Release|Any CPU
		{CB8E3284-68AC-4385-9979-EC6E0A4D451D}.AppStore|x64.Build.0 = Release|Any CPU
		{CB8E3284-68AC-4385-9979-EC6E0A4D451D}.AppStore|x64.Deploy.0 = Release|Any CPU
		{CB8E3284-68AC-4385-9979-EC6E0A4D451D}.AppStore|x86.ActiveCfg = Release|Any CPU
		{CB8E3284-68AC-4385-9979-EC6E0A4D451D}.AppStore|x86.Build.0 = Release|Any CPU
		{CB8E3284-68AC-4385-9979-EC6E0A4D451D}.AppStore|x86.Deploy.0 = Release|Any CPU
		{CB8E3284-68AC-4385-9979-EC6E0A4D451D}.Debug|Any CPU.ActiveCfg = Debug|Any CPU
		{CB8E3284-68AC-4385-9979-EC6E0A4D451D}.Debug|Any CPU.Build.0 = Debug|Any CPU
		{CB8E3284-68AC-4385-9979-EC6E0A4D451D}.Debug|Any CPU.Deploy.0 = Debug|Any CPU
		{CB8E3284-68AC-4385-9979-EC6E0A4D451D}.Debug|ARM.ActiveCfg = Debug|Any CPU
		{CB8E3284-68AC-4385-9979-EC6E0A4D451D}.Debug|ARM.Build.0 = Debug|Any CPU
		{CB8E3284-68AC-4385-9979-EC6E0A4D451D}.Debug|ARM.Deploy.0 = Debug|Any CPU
		{CB8E3284-68AC-4385-9979-EC6E0A4D451D}.Debug|iPhone.ActiveCfg = Debug|Any CPU
		{CB8E3284-68AC-4385-9979-EC6E0A4D451D}.Debug|iPhone.Build.0 = Debug|Any CPU
		{CB8E3284-68AC-4385-9979-EC6E0A4D451D}.Debug|iPhone.Deploy.0 = Debug|Any CPU
		{CB8E3284-68AC-4385-9979-EC6E0A4D451D}.Debug|iPhoneSimulator.ActiveCfg = Debug|Any CPU
		{CB8E3284-68AC-4385-9979-EC6E0A4D451D}.Debug|iPhoneSimulator.Build.0 = Debug|Any CPU
		{CB8E3284-68AC-4385-9979-EC6E0A4D451D}.Debug|iPhoneSimulator.Deploy.0 = Debug|Any CPU
		{CB8E3284-68AC-4385-9979-EC6E0A4D451D}.Debug|x64.ActiveCfg = Debug|Any CPU
		{CB8E3284-68AC-4385-9979-EC6E0A4D451D}.Debug|x64.Build.0 = Debug|Any CPU
		{CB8E3284-68AC-4385-9979-EC6E0A4D451D}.Debug|x64.Deploy.0 = Debug|Any CPU
		{CB8E3284-68AC-4385-9979-EC6E0A4D451D}.Debug|x86.ActiveCfg = Debug|Any CPU
		{CB8E3284-68AC-4385-9979-EC6E0A4D451D}.Debug|x86.Build.0 = Debug|Any CPU
		{CB8E3284-68AC-4385-9979-EC6E0A4D451D}.Debug|x86.Deploy.0 = Debug|Any CPU
		{CB8E3284-68AC-4385-9979-EC6E0A4D451D}.Release|Any CPU.ActiveCfg = Release|Any CPU
		{CB8E3284-68AC-4385-9979-EC6E0A4D451D}.Release|Any CPU.Build.0 = Release|Any CPU
		{CB8E3284-68AC-4385-9979-EC6E0A4D451D}.Release|Any CPU.Deploy.0 = Release|Any CPU
		{CB8E3284-68AC-4385-9979-EC6E0A4D451D}.Release|ARM.ActiveCfg = Release|Any CPU
		{CB8E3284-68AC-4385-9979-EC6E0A4D451D}.Release|ARM.Build.0 = Release|Any CPU
		{CB8E3284-68AC-4385-9979-EC6E0A4D451D}.Release|ARM.Deploy.0 = Release|Any CPU
		{CB8E3284-68AC-4385-9979-EC6E0A4D451D}.Release|iPhone.ActiveCfg = Release|Any CPU
		{CB8E3284-68AC-4385-9979-EC6E0A4D451D}.Release|iPhone.Build.0 = Release|Any CPU
		{CB8E3284-68AC-4385-9979-EC6E0A4D451D}.Release|iPhone.Deploy.0 = Release|Any CPU
		{CB8E3284-68AC-4385-9979-EC6E0A4D451D}.Release|iPhoneSimulator.ActiveCfg = Release|Any CPU
		{CB8E3284-68AC-4385-9979-EC6E0A4D451D}.Release|iPhoneSimulator.Build.0 = Release|Any CPU
		{CB8E3284-68AC-4385-9979-EC6E0A4D451D}.Release|iPhoneSimulator.Deploy.0 = Release|Any CPU
		{CB8E3284-68AC-4385-9979-EC6E0A4D451D}.Release|x64.ActiveCfg = Release|Any CPU
		{CB8E3284-68AC-4385-9979-EC6E0A4D451D}.Release|x64.Build.0 = Release|Any CPU
		{CB8E3284-68AC-4385-9979-EC6E0A4D451D}.Release|x64.Deploy.0 = Release|Any CPU
		{CB8E3284-68AC-4385-9979-EC6E0A4D451D}.Release|x86.ActiveCfg = Release|Any CPU
		{CB8E3284-68AC-4385-9979-EC6E0A4D451D}.Release|x86.Build.0 = Release|Any CPU
		{CB8E3284-68AC-4385-9979-EC6E0A4D451D}.Release|x86.Deploy.0 = Release|Any CPU
		{48BAD1E5-BE52-4ADE-A1DE-F0A7B3A88DB9}.Ad-Hoc|Any CPU.ActiveCfg = Ad-Hoc|iPhone
		{48BAD1E5-BE52-4ADE-A1DE-F0A7B3A88DB9}.Ad-Hoc|ARM.ActiveCfg = Ad-Hoc|iPhone
		{48BAD1E5-BE52-4ADE-A1DE-F0A7B3A88DB9}.Ad-Hoc|iPhone.ActiveCfg = Ad-Hoc|iPhone
		{48BAD1E5-BE52-4ADE-A1DE-F0A7B3A88DB9}.Ad-Hoc|iPhone.Build.0 = Ad-Hoc|iPhone
		{48BAD1E5-BE52-4ADE-A1DE-F0A7B3A88DB9}.Ad-Hoc|iPhoneSimulator.ActiveCfg = Ad-Hoc|iPhoneSimulator
		{48BAD1E5-BE52-4ADE-A1DE-F0A7B3A88DB9}.Ad-Hoc|iPhoneSimulator.Build.0 = Ad-Hoc|iPhoneSimulator
		{48BAD1E5-BE52-4ADE-A1DE-F0A7B3A88DB9}.Ad-Hoc|x64.ActiveCfg = Ad-Hoc|iPhone
		{48BAD1E5-BE52-4ADE-A1DE-F0A7B3A88DB9}.Ad-Hoc|x86.ActiveCfg = Ad-Hoc|iPhone
		{48BAD1E5-BE52-4ADE-A1DE-F0A7B3A88DB9}.AppStore|Any CPU.ActiveCfg = AppStore|iPhone
		{48BAD1E5-BE52-4ADE-A1DE-F0A7B3A88DB9}.AppStore|ARM.ActiveCfg = AppStore|iPhone
		{48BAD1E5-BE52-4ADE-A1DE-F0A7B3A88DB9}.AppStore|iPhone.ActiveCfg = AppStore|iPhone
		{48BAD1E5-BE52-4ADE-A1DE-F0A7B3A88DB9}.AppStore|iPhone.Build.0 = AppStore|iPhone
		{48BAD1E5-BE52-4ADE-A1DE-F0A7B3A88DB9}.AppStore|iPhoneSimulator.ActiveCfg = AppStore|iPhoneSimulator
		{48BAD1E5-BE52-4ADE-A1DE-F0A7B3A88DB9}.AppStore|iPhoneSimulator.Build.0 = AppStore|iPhoneSimulator
		{48BAD1E5-BE52-4ADE-A1DE-F0A7B3A88DB9}.AppStore|x64.ActiveCfg = AppStore|iPhone
		{48BAD1E5-BE52-4ADE-A1DE-F0A7B3A88DB9}.AppStore|x86.ActiveCfg = AppStore|iPhone
		{48BAD1E5-BE52-4ADE-A1DE-F0A7B3A88DB9}.Debug|Any CPU.ActiveCfg = Debug|iPhone
		{48BAD1E5-BE52-4ADE-A1DE-F0A7B3A88DB9}.Debug|ARM.ActiveCfg = Debug|iPhone
		{48BAD1E5-BE52-4ADE-A1DE-F0A7B3A88DB9}.Debug|iPhone.ActiveCfg = Debug|iPhone
		{48BAD1E5-BE52-4ADE-A1DE-F0A7B3A88DB9}.Debug|iPhone.Build.0 = Debug|iPhone
		{48BAD1E5-BE52-4ADE-A1DE-F0A7B3A88DB9}.Debug|iPhoneSimulator.ActiveCfg = Debug|iPhoneSimulator
		{48BAD1E5-BE52-4ADE-A1DE-F0A7B3A88DB9}.Debug|iPhoneSimulator.Build.0 = Debug|iPhoneSimulator
		{48BAD1E5-BE52-4ADE-A1DE-F0A7B3A88DB9}.Debug|x64.ActiveCfg = Debug|iPhone
		{48BAD1E5-BE52-4ADE-A1DE-F0A7B3A88DB9}.Debug|x86.ActiveCfg = Debug|iPhone
		{48BAD1E5-BE52-4ADE-A1DE-F0A7B3A88DB9}.Release|Any CPU.ActiveCfg = Release|iPhone
		{48BAD1E5-BE52-4ADE-A1DE-F0A7B3A88DB9}.Release|ARM.ActiveCfg = Release|iPhone
		{48BAD1E5-BE52-4ADE-A1DE-F0A7B3A88DB9}.Release|iPhone.ActiveCfg = Release|iPhone
		{48BAD1E5-BE52-4ADE-A1DE-F0A7B3A88DB9}.Release|iPhone.Build.0 = Release|iPhone
		{48BAD1E5-BE52-4ADE-A1DE-F0A7B3A88DB9}.Release|iPhoneSimulator.ActiveCfg = Release|iPhoneSimulator
		{48BAD1E5-BE52-4ADE-A1DE-F0A7B3A88DB9}.Release|iPhoneSimulator.Build.0 = Release|iPhoneSimulator
		{48BAD1E5-BE52-4ADE-A1DE-F0A7B3A88DB9}.Release|x64.ActiveCfg = Release|iPhone
		{48BAD1E5-BE52-4ADE-A1DE-F0A7B3A88DB9}.Release|x86.ActiveCfg = Release|iPhone
		{9DF6BE76-6923-4C1C-BE3F-6E0557FFB3B9}.Ad-Hoc|Any CPU.ActiveCfg = Release|x64
		{9DF6BE76-6923-4C1C-BE3F-6E0557FFB3B9}.Ad-Hoc|Any CPU.Build.0 = Release|x64
		{9DF6BE76-6923-4C1C-BE3F-6E0557FFB3B9}.Ad-Hoc|Any CPU.Deploy.0 = Release|x64
		{9DF6BE76-6923-4C1C-BE3F-6E0557FFB3B9}.Ad-Hoc|ARM.ActiveCfg = Release|ARM
		{9DF6BE76-6923-4C1C-BE3F-6E0557FFB3B9}.Ad-Hoc|ARM.Build.0 = Release|ARM
		{9DF6BE76-6923-4C1C-BE3F-6E0557FFB3B9}.Ad-Hoc|ARM.Deploy.0 = Release|ARM
		{9DF6BE76-6923-4C1C-BE3F-6E0557FFB3B9}.Ad-Hoc|iPhone.ActiveCfg = Release|x64
		{9DF6BE76-6923-4C1C-BE3F-6E0557FFB3B9}.Ad-Hoc|iPhone.Build.0 = Release|x64
		{9DF6BE76-6923-4C1C-BE3F-6E0557FFB3B9}.Ad-Hoc|iPhone.Deploy.0 = Release|x64
		{9DF6BE76-6923-4C1C-BE3F-6E0557FFB3B9}.Ad-Hoc|iPhoneSimulator.ActiveCfg = Release|x64
		{9DF6BE76-6923-4C1C-BE3F-6E0557FFB3B9}.Ad-Hoc|iPhoneSimulator.Build.0 = Release|x64
		{9DF6BE76-6923-4C1C-BE3F-6E0557FFB3B9}.Ad-Hoc|iPhoneSimulator.Deploy.0 = Release|x64
		{9DF6BE76-6923-4C1C-BE3F-6E0557FFB3B9}.Ad-Hoc|x64.ActiveCfg = Release|x64
		{9DF6BE76-6923-4C1C-BE3F-6E0557FFB3B9}.Ad-Hoc|x64.Build.0 = Release|x64
		{9DF6BE76-6923-4C1C-BE3F-6E0557FFB3B9}.Ad-Hoc|x64.Deploy.0 = Release|x64
		{9DF6BE76-6923-4C1C-BE3F-6E0557FFB3B9}.Ad-Hoc|x86.ActiveCfg = Release|x86
		{9DF6BE76-6923-4C1C-BE3F-6E0557FFB3B9}.Ad-Hoc|x86.Build.0 = Release|x86
		{9DF6BE76-6923-4C1C-BE3F-6E0557FFB3B9}.Ad-Hoc|x86.Deploy.0 = Release|x86
		{9DF6BE76-6923-4C1C-BE3F-6E0557FFB3B9}.AppStore|Any CPU.ActiveCfg = Release|x64
		{9DF6BE76-6923-4C1C-BE3F-6E0557FFB3B9}.AppStore|Any CPU.Build.0 = Release|x64
		{9DF6BE76-6923-4C1C-BE3F-6E0557FFB3B9}.AppStore|Any CPU.Deploy.0 = Release|x64
		{9DF6BE76-6923-4C1C-BE3F-6E0557FFB3B9}.AppStore|ARM.ActiveCfg = Release|ARM
		{9DF6BE76-6923-4C1C-BE3F-6E0557FFB3B9}.AppStore|ARM.Build.0 = Release|ARM
		{9DF6BE76-6923-4C1C-BE3F-6E0557FFB3B9}.AppStore|ARM.Deploy.0 = Release|ARM
		{9DF6BE76-6923-4C1C-BE3F-6E0557FFB3B9}.AppStore|iPhone.ActiveCfg = Release|x64
		{9DF6BE76-6923-4C1C-BE3F-6E0557FFB3B9}.AppStore|iPhone.Build.0 = Release|x64
		{9DF6BE76-6923-4C1C-BE3F-6E0557FFB3B9}.AppStore|iPhone.Deploy.0 = Release|x64
		{9DF6BE76-6923-4C1C-BE3F-6E0557FFB3B9}.AppStore|iPhoneSimulator.ActiveCfg = Release|x64
		{9DF6BE76-6923-4C1C-BE3F-6E0557FFB3B9}.AppStore|iPhoneSimulator.Build.0 = Release|x64
		{9DF6BE76-6923-4C1C-BE3F-6E0557FFB3B9}.AppStore|iPhoneSimulator.Deploy.0 = Release|x64
		{9DF6BE76-6923-4C1C-BE3F-6E0557FFB3B9}.AppStore|x64.ActiveCfg = Release|x64
		{9DF6BE76-6923-4C1C-BE3F-6E0557FFB3B9}.AppStore|x64.Build.0 = Release|x64
		{9DF6BE76-6923-4C1C-BE3F-6E0557FFB3B9}.AppStore|x64.Deploy.0 = Release|x64
		{9DF6BE76-6923-4C1C-BE3F-6E0557FFB3B9}.AppStore|x86.ActiveCfg = Release|x86
		{9DF6BE76-6923-4C1C-BE3F-6E0557FFB3B9}.AppStore|x86.Build.0 = Release|x86
		{9DF6BE76-6923-4C1C-BE3F-6E0557FFB3B9}.AppStore|x86.Deploy.0 = Release|x86
		{9DF6BE76-6923-4C1C-BE3F-6E0557FFB3B9}.Debug|Any CPU.ActiveCfg = Debug|x86
		{9DF6BE76-6923-4C1C-BE3F-6E0557FFB3B9}.Debug|ARM.ActiveCfg = Debug|ARM
		{9DF6BE76-6923-4C1C-BE3F-6E0557FFB3B9}.Debug|ARM.Build.0 = Debug|ARM
		{9DF6BE76-6923-4C1C-BE3F-6E0557FFB3B9}.Debug|ARM.Deploy.0 = Debug|ARM
		{9DF6BE76-6923-4C1C-BE3F-6E0557FFB3B9}.Debug|iPhone.ActiveCfg = Debug|x86
		{9DF6BE76-6923-4C1C-BE3F-6E0557FFB3B9}.Debug|iPhoneSimulator.ActiveCfg = Debug|x86
		{9DF6BE76-6923-4C1C-BE3F-6E0557FFB3B9}.Debug|x64.ActiveCfg = Debug|x64
		{9DF6BE76-6923-4C1C-BE3F-6E0557FFB3B9}.Debug|x64.Build.0 = Debug|x64
		{9DF6BE76-6923-4C1C-BE3F-6E0557FFB3B9}.Debug|x64.Deploy.0 = Debug|x64
		{9DF6BE76-6923-4C1C-BE3F-6E0557FFB3B9}.Debug|x86.ActiveCfg = Debug|x86
		{9DF6BE76-6923-4C1C-BE3F-6E0557FFB3B9}.Debug|x86.Build.0 = Debug|x86
		{9DF6BE76-6923-4C1C-BE3F-6E0557FFB3B9}.Debug|x86.Deploy.0 = Debug|x86
		{9DF6BE76-6923-4C1C-BE3F-6E0557FFB3B9}.Release|Any CPU.ActiveCfg = Release|x86
		{9DF6BE76-6923-4C1C-BE3F-6E0557FFB3B9}.Release|ARM.ActiveCfg = Release|ARM
		{9DF6BE76-6923-4C1C-BE3F-6E0557FFB3B9}.Release|ARM.Build.0 = Release|ARM
		{9DF6BE76-6923-4C1C-BE3F-6E0557FFB3B9}.Release|ARM.Deploy.0 = Release|ARM
		{9DF6BE76-6923-4C1C-BE3F-6E0557FFB3B9}.Release|iPhone.ActiveCfg = Release|x86
		{9DF6BE76-6923-4C1C-BE3F-6E0557FFB3B9}.Release|iPhoneSimulator.ActiveCfg = Release|x86
		{9DF6BE76-6923-4C1C-BE3F-6E0557FFB3B9}.Release|x64.ActiveCfg = Release|x64
		{9DF6BE76-6923-4C1C-BE3F-6E0557FFB3B9}.Release|x64.Build.0 = Release|x64
		{9DF6BE76-6923-4C1C-BE3F-6E0557FFB3B9}.Release|x64.Deploy.0 = Release|x64
		{9DF6BE76-6923-4C1C-BE3F-6E0557FFB3B9}.Release|x86.ActiveCfg = Release|x86
		{9DF6BE76-6923-4C1C-BE3F-6E0557FFB3B9}.Release|x86.Build.0 = Release|x86
		{9DF6BE76-6923-4C1C-BE3F-6E0557FFB3B9}.Release|x86.Deploy.0 = Release|x86
		{8F9DF703-80A6-4E83-AA41-10C6A184893C}.Ad-Hoc|Any CPU.ActiveCfg = Debug|Any CPU
		{8F9DF703-80A6-4E83-AA41-10C6A184893C}.Ad-Hoc|Any CPU.Build.0 = Debug|Any CPU
		{8F9DF703-80A6-4E83-AA41-10C6A184893C}.Ad-Hoc|ARM.ActiveCfg = Debug|Any CPU
		{8F9DF703-80A6-4E83-AA41-10C6A184893C}.Ad-Hoc|ARM.Build.0 = Debug|Any CPU
		{8F9DF703-80A6-4E83-AA41-10C6A184893C}.Ad-Hoc|iPhone.ActiveCfg = Debug|Any CPU
		{8F9DF703-80A6-4E83-AA41-10C6A184893C}.Ad-Hoc|iPhone.Build.0 = Debug|Any CPU
		{8F9DF703-80A6-4E83-AA41-10C6A184893C}.Ad-Hoc|iPhoneSimulator.ActiveCfg = Debug|Any CPU
		{8F9DF703-80A6-4E83-AA41-10C6A184893C}.Ad-Hoc|iPhoneSimulator.Build.0 = Debug|Any CPU
		{8F9DF703-80A6-4E83-AA41-10C6A184893C}.Ad-Hoc|x64.ActiveCfg = Debug|Any CPU
		{8F9DF703-80A6-4E83-AA41-10C6A184893C}.Ad-Hoc|x64.Build.0 = Debug|Any CPU
		{8F9DF703-80A6-4E83-AA41-10C6A184893C}.Ad-Hoc|x86.ActiveCfg = Debug|Any CPU
		{8F9DF703-80A6-4E83-AA41-10C6A184893C}.Ad-Hoc|x86.Build.0 = Debug|Any CPU
		{8F9DF703-80A6-4E83-AA41-10C6A184893C}.AppStore|Any CPU.ActiveCfg = Debug|Any CPU
		{8F9DF703-80A6-4E83-AA41-10C6A184893C}.AppStore|Any CPU.Build.0 = Debug|Any CPU
		{8F9DF703-80A6-4E83-AA41-10C6A184893C}.AppStore|ARM.ActiveCfg = Debug|Any CPU
		{8F9DF703-80A6-4E83-AA41-10C6A184893C}.AppStore|ARM.Build.0 = Debug|Any CPU
		{8F9DF703-80A6-4E83-AA41-10C6A184893C}.AppStore|iPhone.ActiveCfg = Debug|Any CPU
		{8F9DF703-80A6-4E83-AA41-10C6A184893C}.AppStore|iPhone.Build.0 = Debug|Any CPU
		{8F9DF703-80A6-4E83-AA41-10C6A184893C}.AppStore|iPhoneSimulator.ActiveCfg = Debug|Any CPU
		{8F9DF703-80A6-4E83-AA41-10C6A184893C}.AppStore|iPhoneSimulator.Build.0 = Debug|Any CPU
		{8F9DF703-80A6-4E83-AA41-10C6A184893C}.AppStore|x64.ActiveCfg = Debug|Any CPU
		{8F9DF703-80A6-4E83-AA41-10C6A184893C}.AppStore|x64.Build.0 = Debug|Any CPU
		{8F9DF703-80A6-4E83-AA41-10C6A184893C}.AppStore|x86.ActiveCfg = Debug|Any CPU
		{8F9DF703-80A6-4E83-AA41-10C6A184893C}.AppStore|x86.Build.0 = Debug|Any CPU
		{8F9DF703-80A6-4E83-AA41-10C6A184893C}.Debug|Any CPU.ActiveCfg = Debug|Any CPU
		{8F9DF703-80A6-4E83-AA41-10C6A184893C}.Debug|Any CPU.Build.0 = Debug|Any CPU
		{8F9DF703-80A6-4E83-AA41-10C6A184893C}.Debug|ARM.ActiveCfg = Debug|Any CPU
		{8F9DF703-80A6-4E83-AA41-10C6A184893C}.Debug|ARM.Build.0 = Debug|Any CPU
		{8F9DF703-80A6-4E83-AA41-10C6A184893C}.Debug|iPhone.ActiveCfg = Debug|Any CPU
		{8F9DF703-80A6-4E83-AA41-10C6A184893C}.Debug|iPhone.Build.0 = Debug|Any CPU
		{8F9DF703-80A6-4E83-AA41-10C6A184893C}.Debug|iPhoneSimulator.ActiveCfg = Debug|Any CPU
		{8F9DF703-80A6-4E83-AA41-10C6A184893C}.Debug|iPhoneSimulator.Build.0 = Debug|Any CPU
		{8F9DF703-80A6-4E83-AA41-10C6A184893C}.Debug|x64.ActiveCfg = Debug|Any CPU
		{8F9DF703-80A6-4E83-AA41-10C6A184893C}.Debug|x64.Build.0 = Debug|Any CPU
		{8F9DF703-80A6-4E83-AA41-10C6A184893C}.Debug|x86.ActiveCfg = Debug|Any CPU
		{8F9DF703-80A6-4E83-AA41-10C6A184893C}.Debug|x86.Build.0 = Debug|Any CPU
		{8F9DF703-80A6-4E83-AA41-10C6A184893C}.Release|Any CPU.ActiveCfg = Release|Any CPU
		{8F9DF703-80A6-4E83-AA41-10C6A184893C}.Release|Any CPU.Build.0 = Release|Any CPU
		{8F9DF703-80A6-4E83-AA41-10C6A184893C}.Release|ARM.ActiveCfg = Release|Any CPU
		{8F9DF703-80A6-4E83-AA41-10C6A184893C}.Release|ARM.Build.0 = Release|Any CPU
		{8F9DF703-80A6-4E83-AA41-10C6A184893C}.Release|iPhone.ActiveCfg = Release|Any CPU
		{8F9DF703-80A6-4E83-AA41-10C6A184893C}.Release|iPhone.Build.0 = Release|Any CPU
		{8F9DF703-80A6-4E83-AA41-10C6A184893C}.Release|iPhoneSimulator.ActiveCfg = Release|Any CPU
		{8F9DF703-80A6-4E83-AA41-10C6A184893C}.Release|iPhoneSimulator.Build.0 = Release|Any CPU
		{8F9DF703-80A6-4E83-AA41-10C6A184893C}.Release|x64.ActiveCfg = Release|Any CPU
		{8F9DF703-80A6-4E83-AA41-10C6A184893C}.Release|x64.Build.0 = Release|Any CPU
		{8F9DF703-80A6-4E83-AA41-10C6A184893C}.Release|x86.ActiveCfg = Release|Any CPU
		{8F9DF703-80A6-4E83-AA41-10C6A184893C}.Release|x86.Build.0 = Release|Any CPU
	EndGlobalSection
	GlobalSection(SolutionProperties) = preSolution
		HideSolutionNode = FALSE
	EndGlobalSection
	GlobalSection(ExtensibilityGlobals) = postSolution
		SolutionGuid = {99DD7742-D565-4501-9C5B-7C6479F8493B}
	EndGlobalSection
EndGlobal
